<?xml version="1.0" encoding="utf-8"?>
<Project ToolsVersion="4.0" xmlns="http://schemas.microsoft.com/developer/msbuild/2003">
  <ItemGroup>
    <Filter Include="Source Files">
      <UniqueIdentifier>{a7bd6941-030b-464a-b0cf-2f83a71b383e}</UniqueIdentifier>
      <Extensions>cpp;c;cxx;rc;def;r;odl;idl;hpj;bat</Extensions>
    </Filter>
    <Filter Include="Header Files">
      <UniqueIdentifier>{efb89249-1ea9-44f0-b899-ff2287d90c62}</UniqueIdentifier>
      <Extensions>h;hpp;hxx;hm;inl</Extensions>
    </Filter>
    <Filter Include="Resource Files">
      <UniqueIdentifier>{8ef23787-4b2c-43ca-b551-e09c3ee4c408}</UniqueIdentifier>
      <Extensions>ico;cur;bmp;dlg;rc2;rct;bin;rgs;gif;jpg;jpeg;jpe</Extensions>
    </Filter>
  </ItemGroup>
  <ItemGroup>
    <ClCompile Include="DbgFunc.cpp">
      <Filter>Source Files</Filter>
    </ClCompile>
    <ClCompile Include="EditCtrlProc.cpp">
      <Filter>Source Files</Filter>
    </ClCompile>
    <ClCompile Include="EepromDebug.cpp">
      <Filter>Source Files</Filter>
    </ClCompile>
    <ClCompile Include="FlashDebug.cpp">
      <Filter>Source Files</Filter>
    </ClCompile>
    <ClCompile Include="GpioDebug.cpp">
      <Filter>Source Files</Filter>
    </ClCompile>
    <ClCompile Include="JtagDebug.cpp">
      <Filter>Source Files</Filter>
    </ClCompile>
    <ClCompile Include="Main.cpp">
      <Filter>Source Files</Filter>
    </ClCompile>
    <ClCompile Include="SPI_Flash.cpp">
      <Filter>Source Files</Filter>
    </ClCompile>
    <ClCompile Include="SpiIicDebug.cpp">
      <Filter>Source Files</Filter>
    </ClCompile>
    <ClCompile Include="UartDebug.cpp">
      <Filter>Source Files</Filter>
    </ClCompile>
  </ItemGroup>
  <ItemGroup>
    <ClInclude Include="ExternalLib\CH347DLL.H">
      <Filter>Header Files</Filter>
    </ClInclude>
    <ClInclude Include="DbgFunc.h">
      <Filter>Header Files</Filter>
    </ClInclude>
    <ClInclude Include="EepromDebug.h">
      <Filter>Header Files</Filter>
    </ClInclude>
    <ClInclude Include="FlashDebug.h">
      <Filter>Header Files</Filter>
    </ClInclude>
    <ClInclude Include="GpioDebug.h">
      <Filter>Header Files</Filter>
    </ClInclude>
    <ClInclude Include="JtagDebug.h">
      <Filter>Header Files</Filter>
    </ClInclude>
    <ClInclude Include="Main.h">
      <Filter>Header Files</Filter>
    </ClInclude>
    <ClInclude Include="resource.h">
      <Filter>Header Files</Filter>
    </ClInclude>
    <ClInclude Include="SPI_FLASH.h">
      <Filter>Header Files</Filter>
    </ClInclude>
    <ClInclude Include="UartDebug.h">
      <Filter>Header Files</Filter>
    </ClInclude>
  </ItemGroup>
  <ItemGroup>
    <Image Include="Main.ICO">
      <Filter>Resource Files</Filter>
    </Image>
    <Image Include="PramFrame.ICO">
      <Filter>Resource Files</Filter>
    </Image>
    <Image Include="small.ico">
      <Filter>Resource Files</Filter>
    </Image>
  </ItemGroup>
  <ItemGroup>
    <ResourceCompile Include="Main.rc">
      <Filter>Resource Files</Filter>
    </ResourceCompile>
  </ItemGroup>
</Project>